
Microsoft Visual Studio Solution File, Format Version 12.00
# Visual Studio Version 16
VisualStudioVersion = 16.0.30804.86
MinimumVisualStudioVersion = 10.0.40219.1
Project("{FAE04EC0-301F-11D3-BF4B-00C04F79EFBC}") = "DiscordMute", "DiscordMute.csproj", "{D3E73A7A-28A2-480A-8202-32B82EEE09F6}"
EndProject
Global
	GlobalSection(SolutionConfigurationPlatforms) = preSolution
		Debug|Any CPU = Debug|Any CPU
		Release|Any CPU = Release|Any CPU
	EndGlobalSection
	GlobalSection(ProjectConfigurationPlatforms) = postSolution
		{D3E73A7A-28A2-480A-8202-32B82EEE09F6}.Debug|Any CPU.ActiveCfg = Debug|Any CPU
		{D3E73A7A-28A2-480A-8202-32B82EEE09F6}.Debug|Any CPU.Build.0 = Debug|Any CPU
		{D3E73A7A-28A2-480A-8202-32B82EEE09F6}.Release|Any CPU.ActiveCfg = Release|Any CPU
		{D3E73A7A-28A2-480A-8202-32B82EEE09F6}.Release|Any CPU.Build.0 = Release|Any CPU
	EndGlobalSection
	GlobalSection(SolutionProperties) = preSolution
		HideSolutionNode = FALSE
	EndGlobalSection
	GlobalSection(ExtensibilityGlobals) = postSolution
		SolutionGuid = {D3823F63-79FB-41A6-9D91-1BE1A3DB4ABA}
	EndGlobalSection
EndGlobal
